%{"combine": {:hex, :combine, "0.5.3"},
  "hackney": {:hex, :hackney, "1.3.2"},
  "idna": {:hex, :idna, "1.0.2"},
  "pipe": {:git, "https://github.com/batate/elixir-pipes.git", "eba4a47c689e473b425ef59f92a51dc3b3f28f85", []},
  "poison": {:hex, :poison, "1.5.0"},
  "ssl_verify_hostname": {:hex, :ssl_verify_hostname, "1.0.5"},
  "timex": {:hex, :timex, "1.0.0-rc1"},
  "tzdata": {:hex, :tzdata, "0.5.4"}}
